Microsoft Visual Studio Solution File, Format Version 12.00
# Visual Studio Version 17
VisualStudioVersion = 17.13.35931.197
MinimumVisualStudioVersion = 10.0.40219.1
Project("{FAE04EC0-301F-11D3-BF4B-00C04F79EFBC}") = "pizzaInterface", "pizzaInterface\pizzaInterface.csproj", "{CC64A39E-247D-4DBF-AB5D-1502BD94C23F}"
EndProject
Project("{FAE04EC0-301F-11D3-BF4B-00C04F79EFBC}") = "Pizzasistema", "Pizzasistema\Pizzasistema.csproj", "{2F3E2A89-C2F5-425C-9B20-2CE7D23AC1C4}"
EndProject
Project("{FAE04EC0-301F-11D3-BF4B-00C04F79EFBC}") = "Pizzasistemateste", "Pizzasistemateste\Pizzasistemateste.csproj", "{D06FDF13-354D-4B54-8D2F-53A18D5A242C}"
EndProject
Global
	GlobalSection(SolutionConfigurationPlatforms) = preSolution
		Debug|Any CPU = Debug|Any CPU
		Release|Any CPU = Release|Any CPU
	EndGlobalSection
	GlobalSection(ProjectConfigurationPlatforms) = postSolution
		{CC64A39E-247D-4DBF-AB5D-1502BD94C23F}.Debug|Any CPU.ActiveCfg = Debug|Any CPU
		{CC64A39E-247D-4DBF-AB5D-1502BD94C23F}.Debug|Any CPU.Build.0 = Debug|Any CPU
		{CC64A39E-247D-4DBF-AB5D-1502BD94C23F}.Release|Any CPU.ActiveCfg = Release|Any CPU
		{CC64A39E-247D-4DBF-AB5D-1502BD94C23F}.Release|Any CPU.Build.0 = Release|Any CPU
		{2F3E2A89-C2F5-425C-9B20-2CE7D23AC1C4}.Debug|Any CPU.ActiveCfg = Debug|Any CPU
		{2F3E2A89-C2F5-425C-9B20-2CE7D23AC1C4}.Debug|Any CPU.Build.0 = Debug|Any CPU
		{2F3E2A89-C2F5-425C-9B20-2CE7D23AC1C4}.Release|Any CPU.ActiveCfg = Release|Any CPU
		{2F3E2A89-C2F5-425C-9B20-2CE7D23AC1C4}.Release|Any CPU.Build.0 = Release|Any CPU
		{D06FDF13-354D-4B54-8D2F-53A18D5A242C}.Debug|Any CPU.ActiveCfg = Debug|Any CPU
		{D06FDF13-354D-4B54-8D2F-53A18D5A242C}.Debug|Any CPU.Build.0 = Debug|Any CPU
		{D06FDF13-354D-4B54-8D2F-53A18D5A242C}.Release|Any CPU.ActiveCfg = Release|Any CPU
		{D06FDF13-354D-4B54-8D2F-53A18D5A242C}.Release|Any CPU.Build.0 = Release|Any CPU
	EndGlobalSection
	GlobalSection(SolutionProperties) = preSolution
		HideSolutionNode = FALSE
	EndGlobalSection
	GlobalSection(ExtensibilityGlobals) = postSolution
		SolutionGuid = {4B4937B3-AD3B-41C8-A41C-F20E39B1F437}
	EndGlobalSection
EndGlobal
